// !$*UTF8*$!
{
	archiveVersion = 1;
	classes = {
	};
	objectVersion = 77;
	objects = {

/* Begin PBXBuildFile section */
		A100000A2F84000000A95020 /* SnipSnipSnipShareExtension.appex in Embed App Extensions */ = {isa = PBXBuildFile; fileRef = A10000012F84000000A95020 /* SnipSnipSnipShareExtension.appex */; settings = {ATTRIBUTES = (RemoveHeadersOnCopy, ); }; };
		A10000102F84000000A95020 /* ShareViewController.swift in Sources */ = {isa = PBXBuildFile; fileRef = A100000E2F84000000A95020 /* ShareViewController.swift */; };
/* End PBXBuildFile section */

/* Begin PBXContainerItemProxy section */
		4A0C010A2F83700100A95020 /* PBXContainerItemProxy */ = {
			isa = PBXContainerItemProxy;
			containerPortal = 3EEB1E722F83676F00A95020 /* Project object */;
			proxyType = 1;
			remoteGlobalIDString = 3EEB1E792F83676F00A95020;
			remoteInfo = SnipSnipSnip;
		};
		A100000C2F84000000A95020 /* PBXContainerItemProxy */ = {
			isa = PBXContainerItemProxy;
			containerPortal = 3EEB1E722F83676F00A95020 /* Project object */;
			proxyType = 1;
			remoteGlobalIDString = A10000062F84000000A95020;
			remoteInfo = SnipSnipSnipShareExtension;
		};
/* End PBXContainerItemProxy section */

/* Begin PBXCopyFilesBuildPhase section */
		A100000B2F84000000A95020 /* Embed App Extensions */ = {
			isa = PBXCopyFilesBuildPhase;
			buildActionMask = 2147483647;
			dstPath = "";
			dstSubfolderSpec = 13;
			files = (
				A100000A2F84000000A95020 /* SnipSnipSnipShareExtension.appex in Embed App Extensions */,
			);
			name = "Embed App Extensions";
			runOnlyForDeploymentPostprocessing = 0;
		};
/* End PBXCopyFilesBuildPhase section */

/* Begin PBXFileReference section */
		3EEB1E7A2F83676F00A95020 /* SnipSnipSnip.app */ = {isa = PBXFileReference; explicitFileType = wrapper.application; includeInIndex = 0; path = SnipSnipSnip.app; sourceTree = BUILT_PRODUCTS_DIR; };
		4A0C01012F83700100A95020 /* SnipSnipSnipTests.xctest */ = {isa = PBXFileReference; explicitFileType = wrapper.cfbundle; includeInIndex = 0; path = SnipSnipSnipTests.xctest; sourceTree = BUILT_PRODUCTS_DIR; };
		A10000012F84000000A95020 /* SnipSnipSnipShareExtension.appex */ = {isa = PBXFileReference; explicitFileType = "wrapper.app-extension"; includeInIndex = 0; path = SnipSnipSnipShareExtension.appex; sourceTree = BUILT_PRODUCTS_DIR; };
		A100000E2F84000000A95020 /* ShareViewController.swift */ = {isa = PBXFileReference; lastKnownFileType = sourcecode.swift; path = ShareViewController.swift; sourceTree = "<group>"; };
		A100000F2F84000000A95020 /* Info.plist */ = {isa = PBXFileReference; lastKnownFileType = text.plist.xml; path = Info.plist; sourceTree = "<group>"; };
		B20000012F86000000A95020 /* DevDebug.xcconfig */ = {isa = PBXFileReference; lastKnownFileType = text.xcconfig; path = DevDebug.xcconfig; sourceTree = "<group>"; };
/* End PBXFileReference section */

/* Begin PBXFileSystemSynchronizedRootGroup section */
		3EEB1E7C2F83676F00A95020 /* SnipSnipSnip */ = {
			isa = PBXFileSystemSynchronizedRootGroup;
			path = SnipSnipSnip;
			sourceTree = "<group>";
		};
		4A0C01022F83700100A95020 /* SnipSnipSnipTests */ = {
			isa = PBXFileSystemSynchronizedRootGroup;
			path = SnipSnipSnipTests;
			sourceTree = "<group>";
		};
/* End PBXFileSystemSynchronizedRootGroup section */

/* Begin PBXFrameworksBuildPhase section */
		3EEB1E772F83676F00A95020 /* Frameworks */ = {
			isa = PBXFrameworksBuildPhase;
			buildActionMask = 2147483647;
			files = (
			);
			runOnlyForDeploymentPostprocessing = 0;
		};
		4A0C01042F83700100A95020 /* Frameworks */ = {
			isa = PBXFrameworksBuildPhase;
			buildActionMask = 2147483647;
			files = (
			);
			runOnlyForDeploymentPostprocessing = 0;
		};
		A10000032F84000000A95020 /* Frameworks */ = {
			isa = PBXFrameworksBuildPhase;
			buildActionMask = 2147483647;
			files = (
			);
			runOnlyForDeploymentPostprocessing = 0;
		};
/* End PBXFrameworksBuildPhase section */

/* Begin PBXGroup section */
		3EEB1E712F83676F00A95020 = {
			isa = PBXGroup;
			children = (
				B20000022F86000000A95020 /* BuildConfigurations */,
				3EEB1E7C2F83676F00A95020 /* SnipSnipSnip */,
				A10000022F84000000A95020 /* SnipSnipSnipShareExtension */,
				4A0C01022F83700100A95020 /* SnipSnipSnipTests */,
				3EEB1E7B2F83676F00A95020 /* Products */,
			);
			sourceTree = "<group>";
		};
		3EEB1E7B2F83676F00A95020 /* Products */ = {
			isa = PBXGroup;
			children = (
				3EEB1E7A2F83676F00A95020 /* SnipSnipSnip.app */,
				A10000012F84000000A95020 /* SnipSnipSnipShareExtension.appex */,
				4A0C01012F83700100A95020 /* SnipSnipSnipTests.xctest */,
			);
			name = Products;
			sourceTree = "<group>";
		};
		A10000022F84000000A95020 /* SnipSnipSnipShareExtension */ = {
			isa = PBXGroup;
			children = (
				A100000F2F84000000A95020 /* Info.plist */,
				A100000E2F84000000A95020 /* ShareViewController.swift */,
			);
			path = SnipSnipSnipShareExtension;
			sourceTree = "<group>";
		};
		B20000022F86000000A95020 /* BuildConfigurations */ = {
			isa = PBXGroup;
			children = (
				B20000012F86000000A95020 /* DevDebug.xcconfig */,
			);
			path = BuildConfigurations;
			sourceTree = "<group>";
		};
/* End PBXGroup section */

/* Begin PBXNativeTarget section */
		3EEB1E792F83676F00A95020 /* SnipSnipSnip */ = {
			isa = PBXNativeTarget;
			buildConfigurationList = 3EEB1E872F83677000A95020 /* Build configuration list for PBXNativeTarget "SnipSnipSnip" */;
			buildPhases = (
				3EEB1E762F83676F00A95020 /* Sources */,
				3EEB1E772F83676F00A95020 /* Frameworks */,
				3EEB1E782F83676F00A95020 /* Resources */,
				A100000B2F84000000A95020 /* Embed App Extensions */,
			);
			buildRules = (
			);
			dependencies = (
				A100000D2F84000000A95020 /* PBXTargetDependency */,
			);
			fileSystemSynchronizedGroups = (
				3EEB1E7C2F83676F00A95020 /* SnipSnipSnip */,
			);
			name = SnipSnipSnip;
			packageProductDependencies = (
			);
			productName = SnipSnipSnip;
			productReference = 3EEB1E7A2F83676F00A95020 /* SnipSnipSnip.app */;
			productType = "com.apple.product-type.application";
		};
		4A0C01062F83700100A95020 /* SnipSnipSnipTests */ = {
			isa = PBXNativeTarget;
			buildConfigurationList = 4A0C01072F83700100A95020 /* Build configuration list for PBXNativeTarget "SnipSnipSnipTests" */;
			buildPhases = (
				4A0C01032F83700100A95020 /* Sources */,
				4A0C01042F83700100A95020 /* Frameworks */,
				4A0C01052F83700100A95020 /* Resources */,
			);
			buildRules = (
			);
			dependencies = (
				4A0C010B2F83700100A95020 /* PBXTargetDependency */,
			);
			fileSystemSynchronizedGroups = (
				4A0C01022F83700100A95020 /* SnipSnipSnipTests */,
			);
			name = SnipSnipSnipTests;
			packageProductDependencies = (
			);
			productName = SnipSnipSnipTests;
			productReference = 4A0C01012F83700100A95020 /* SnipSnipSnipTests.xctest */;
			productType = "com.apple.product-type.bundle.unit-test";
		};
		A10000062F84000000A95020 /* SnipSnipSnipShareExtension */ = {
			isa = PBXNativeTarget;
			buildConfigurationList = A10000092F84000000A95020 /* Build configuration list for PBXNativeTarget "SnipSnipSnipShareExtension" */;
			buildPhases = (
				A10000042F84000000A95020 /* Sources */,
				A10000032F84000000A95020 /* Frameworks */,
				A10000052F84000000A95020 /* Resources */,
			);
			buildRules = (
			);
			dependencies = (
			);
			name = SnipSnipSnipShareExtension;
			packageProductDependencies = (
			);
			productName = SnipSnipSnipShareExtension;
			productReference = A10000012F84000000A95020 /* SnipSnipSnipShareExtension.appex */;
			productType = "com.apple.product-type.app-extension";
		};
/* End PBXNativeTarget section */

/* Begin PBXProject section */
		3EEB1E722F83676F00A95020 /* Project object */ = {
			isa = PBXProject;
			attributes = {
				BuildIndependentTargetsInParallel = 1;
				LastSwiftUpdateCheck = 2620;
				LastUpgradeCheck = 2620;
				TargetAttributes = {
					3EEB1E792F83676F00A95020 = {
						CreatedOnToolsVersion = 26.2;
					};
					4A0C01062F83700100A95020 = {
						CreatedOnToolsVersion = 26.2;
						TestTargetID = 3EEB1E792F83676F00A95020;
					};
					A10000062F84000000A95020 = {
						CreatedOnToolsVersion = 26.2;
					};
				};
			};
			buildConfigurationList = 3EEB1E752F83676F00A95020 /* Build configuration list for PBXProject "SnipSnipSnip" */;
			developmentRegion = en;
			hasScannedForEncodings = 0;
			knownRegions = (
				en,
				Base,
			);
			mainGroup = 3EEB1E712F83676F00A95020;
			minimizedProjectReferenceProxies = 1;
			preferredProjectObjectVersion = 77;
			productRefGroup = 3EEB1E7B2F83676F00A95020 /* Products */;
			projectDirPath = "";
			projectRoot = "";
			targets = (
				3EEB1E792F83676F00A95020 /* SnipSnipSnip */,
				A10000062F84000000A95020 /* SnipSnipSnipShareExtension */,
				4A0C01062F83700100A95020 /* SnipSnipSnipTests */,
			);
		};
/* End PBXProject section */

/* Begin PBXResourcesBuildPhase section */
		3EEB1E782F83676F00A95020 /* Resources */ = {
			isa = PBXResourcesBuildPhase;
			buildActionMask = 2147483647;
			files = (
			);
			runOnlyForDeploymentPostprocessing = 0;
		};
		4A0C01052F83700100A95020 /* Resources */ = {
			isa = PBXResourcesBuildPhase;
			buildActionMask = 2147483647;
			files = (
			);
			runOnlyForDeploymentPostprocessing = 0;
		};
		A10000052F84000000A95020 /* Resources */ = {
			isa = PBXResourcesBuildPhase;
			buildActionMask = 2147483647;
			files = (
			);
			runOnlyForDeploymentPostprocessing = 0;
		};
/* End PBXResourcesBuildPhase section */

/* Begin PBXSourcesBuildPhase section */
		3EEB1E762F83676F00A95020 /* Sources */ = {
			isa = PBXSourcesBuildPhase;
			buildActionMask = 2147483647;
			files = (
			);
			runOnlyForDeploymentPostprocessing = 0;
		};
		4A0C01032F83700100A95020 /* Sources */ = {
			isa = PBXSourcesBuildPhase;
			buildActionMask = 2147483647;
			files = (
			);
			runOnlyForDeploymentPostprocessing = 0;
		};
		A10000042F84000000A95020 /* Sources */ = {
			isa = PBXSourcesBuildPhase;
			buildActionMask = 2147483647;
			files = (
				A10000102F84000000A95020 /* ShareViewController.swift in Sources */,
			);
			runOnlyForDeploymentPostprocessing = 0;
		};
/* End PBXSourcesBuildPhase section */

/* Begin PBXTargetDependency section */
		4A0C010B2F83700100A95020 /* PBXTargetDependency */ = {
			isa = PBXTargetDependency;
			target = 3EEB1E792F83676F00A95020 /* SnipSnipSnip */;
			targetProxy = 4A0C010A2F83700100A95020 /* PBXContainerItemProxy */;
		};
		A100000D2F84000000A95020 /* PBXTargetDependency */ = {
			isa = PBXTargetDependency;
			target = A10000062F84000000A95020 /* SnipSnipSnipShareExtension */;
			targetProxy = A100000C2F84000000A95020 /* PBXContainerItemProxy */;
		};
/* End PBXTargetDependency section */

/* Begin XCBuildConfiguration section */
		3EEB1E852F83677000A95020 /* Debug */ = {
			isa = XCBuildConfiguration;
			buildSettings = {
				ALWAYS_SEARCH_USER_PATHS = NO;
				ASSETCATALOG_COMPILER_GENERATE_SWIFT_ASSET_SYMBOL_EXTENSIONS = YES;
				CLANG_ANALYZER_NONNULL = YES;
				CLANG_ANALYZER_NUMBER_OBJECT_CONVERSION = YES_AGGRESSIVE;
				CLANG_CXX_LANGUAGE_STANDARD = "gnu++20";
				CLANG_ENABLE_MODULES = YES;
				CLANG_ENABLE_OBJC_ARC = YES;
				CLANG_ENABLE_OBJC_WEAK = YES;
				CLANG_WARN_BLOCK_CAPTURE_AUTORELEASING = YES;
				CLANG_WARN_BOOL_CONVERSION = YES;
				CLANG_WARN_COMMA = YES;
				CLANG_WARN_CONSTANT_CONVERSION = YES;
				CLANG_WARN_DEPRECATED_OBJC_IMPLEMENTATIONS = YES;
				CLANG_WARN_DIRECT_OBJC_ISA_USAGE = YES_ERROR;
				CLANG_WARN_DOCUMENTATION_COMMENTS = YES;
				CLANG_WARN_EMPTY_BODY = YES;
				CLANG_WARN_ENUM_CONVERSION = YES;
				CLANG_WARN_INFINITE_RECURSION = YES;
				CLANG_WARN_INT_CONVERSION = YES;
				CLANG_WARN_NON_LITERAL_NULL_CONVERSION = YES;
				CLANG_WARN_OBJC_IMPLICIT_RETAIN_SELF = YES;
				CLANG_WARN_OBJC_LITERAL_CONVERSION = YES;
				CLANG_WARN_OBJC_ROOT_CLASS = YES_ERROR;
				CLANG_WARN_QUOTED_INCLUDE_IN_FRAMEWORK_HEADER = YES;
				CLANG_WARN_RANGE_LOOP_ANALYSIS = YES;
				CLANG_WARN_STRICT_PROTOTYPES = YES;
				CLANG_WARN_SUSPICIOUS_MOVE = YES;
				CLANG_WARN_UNGUARDED_AVAILABILITY = YES_AGGRESSIVE;
				CLANG_WARN_UNREACHABLE_CODE = YES;
				CLANG_WARN__DUPLICATE_METHOD_MATCH = YES;
				COPY_PHASE_STRIP = NO;
				DEBUG_INFORMATION_FORMAT = dwarf;
				DEVELOPMENT_TEAM = 8RN882MNR5;
				ENABLE_STRICT_OBJC_MSGSEND = YES;
				ENABLE_TESTABILITY = YES;
				ENABLE_USER_SCRIPT_SANDBOXING = YES;
				GCC_C_LANGUAGE_STANDARD = gnu17;
				GCC_DYNAMIC_NO_PIC = NO;
				GCC_NO_COMMON_BLOCKS = YES;
				GCC_OPTIMIZATION_LEVEL = 0;
				GCC_PREPROCESSOR_DEFINITIONS = (
					"DEBUG=1",
					"$(inherited)",
				);
				GCC_WARN_64_TO_32_BIT_CONVERSION = YES;
				GCC_WARN_ABOUT_RETURN_TYPE = YES_ERROR;
				GCC_WARN_UNDECLARED_SELECTOR = YES;
				GCC_WARN_UNINITIALIZED_AUTOS = YES_AGGRESSIVE;
				GCC_WARN_UNUSED_FUNCTION = YES;
				GCC_WARN_UNUSED_VARIABLE = YES;
				LOCALIZATION_PREFERS_STRING_CATALOGS = YES;
				MACOSX_DEPLOYMENT_TARGET = 26.2;
				MTL_ENABLE_DEBUG_INFO = INCLUDE_SOURCE;
				MTL_FAST_MATH = YES;
				ONLY_ACTIVE_ARCH = YES;
				SDKROOT = macosx;
				SWIFT_ACTIVE_COMPILATION_CONDITIONS = "DEBUG $(inherited)";
				SWIFT_OPTIMIZATION_LEVEL = "-Onone";
			};
			name = Debug;
		};
		3EEB1E862F83677000A95020 /* Release */ = {
			isa = XCBuildConfiguration;
			buildSettings = {
				ALWAYS_SEARCH_USER_PATHS = NO;
				ASSETCATALOG_COMPILER_GENERATE_SWIFT_ASSET_SYMBOL_EXTENSIONS = YES;
				CLANG_ANALYZER_NONNULL = YES;
				CLANG_ANALYZER_NUMBER_OBJECT_CONVERSION = YES_AGGRESSIVE;
				CLANG_CXX_LANGUAGE_STANDARD = "gnu++20";
				CLANG_ENABLE_MODULES = YES;
				CLANG_ENABLE_OBJC_ARC = YES;
				CLANG_ENABLE_OBJC_WEAK = YES;
				CLANG_WARN_BLOCK_CAPTURE_AUTORELEASING = YES;
				CLANG_WARN_BOOL_CONVERSION = YES;
				CLANG_WARN_COMMA = YES;
				CLANG_WARN_CONSTANT_CONVERSION = YES;
				CLANG_WARN_DEPRECATED_OBJC_IMPLEMENTATIONS = YES;
				CLANG_WARN_DIRECT_OBJC_ISA_USAGE = YES_ERROR;
				CLANG_WARN_DOCUMENTATION_COMMENTS = YES;
				CLANG_WARN_EMPTY_BODY = YES;
				CLANG_WARN_ENUM_CONVERSION = YES;
				CLANG_WARN_INFINITE_RECURSION = YES;
				CLANG_WARN_INT_CONVERSION = YES;
				CLANG_WARN_NON_LITERAL_NULL_CONVERSION = YES;
				CLANG_WARN_OBJC_IMPLICIT_RETAIN_SELF = YES;
				CLANG_WARN_OBJC_LITERAL_CONVERSION = YES;
				CLANG_WARN_OBJC_ROOT_CLASS = YES_ERROR;
				CLANG_WARN_QUOTED_INCLUDE_IN_FRAMEWORK_HEADER = YES;
				CLANG_WARN_RANGE_LOOP_ANALYSIS = YES;
				CLANG_WARN_STRICT_PROTOTYPES = YES;
				CLANG_WARN_SUSPICIOUS_MOVE = YES;
				CLANG_WARN_UNGUARDED_AVAILABILITY = YES_AGGRESSIVE;
				CLANG_WARN_UNREACHABLE_CODE = YES;
				CLANG_WARN__DUPLICATE_METHOD_MATCH = YES;
				COPY_PHASE_STRIP = NO;
				DEBUG_INFORMATION_FORMAT = "dwarf-with-dsym";
				DEVELOPMENT_TEAM = 8RN882MNR5;
				ENABLE_NS_ASSERTIONS = NO;
				ENABLE_STRICT_OBJC_MSGSEND = YES;
				ENABLE_USER_SCRIPT_SANDBOXING = YES;
				GCC_C_LANGUAGE_STANDARD = gnu17;
				GCC_NO_COMMON_BLOCKS = YES;
				GCC_WARN_64_TO_32_BIT_CONVERSION = YES;
				GCC_WARN_ABOUT_RETURN_TYPE = YES_ERROR;
				GCC_WARN_UNDECLARED_SELECTOR = YES;
				GCC_WARN_UNINITIALIZED_AUTOS = YES_AGGRESSIVE;
				GCC_WARN_UNUSED_FUNCTION = YES;
				GCC_WARN_UNUSED_VARIABLE = YES;
				LOCALIZATION_PREFERS_STRING_CATALOGS = YES;
				MACOSX_DEPLOYMENT_TARGET = 26.2;
				MTL_ENABLE_DEBUG_INFO = NO;
				MTL_FAST_MATH = YES;
				SDKROOT = macosx;
				SWIFT_COMPILATION_MODE = wholemodule;
			};
			name = Release;
		};
		3EEB1E882F83677000A95020 /* Debug */ = {
			isa = XCBuildConfiguration;
			baseConfigurationReference = B20000012F86000000A95020 /* DevDebug.xcconfig */;
			buildSettings = {
				ASSETCATALOG_COMPILER_APPICON_NAME = AppIcon;
				ASSETCATALOG_COMPILER_GLOBAL_ACCENT_COLOR_NAME = AccentColor;
				ASSETCATALOG_COMPILER_INCLUDE_ALL_APPICON_ASSETS = YES;
				CODE_SIGN_STYLE = Automatic;
				COMBINE_HIDPI_IMAGES = YES;
				CURRENT_PROJECT_VERSION = 93;
				DEVELOPMENT_TEAM = 8RN882MNR5;
				ENABLE_APP_SANDBOX = NO;
				ENABLE_HARDENED_RUNTIME = YES;
				ENABLE_PREVIEWS = YES;
				ENABLE_RESOURCE_ACCESS_AUDIO_INPUT = YES;
				ENABLE_USER_SELECTED_FILES = readwrite;
				GENERATE_INFOPLIST_FILE = NO;
				INFOPLIST_FILE = "SnipSnipSnip-Info.plist";
				INFOPLIST_KEY_LSApplicationCategoryType = "public.app-category.utilities";
				INFOPLIST_PREPROCESS = YES;
				INFOPLIST_PREPROCESSOR_DEFINITIONS = "$(inherited)";
				LD_RUNPATH_SEARCH_PATHS = (
					"$(inherited)",
					"@executable_path/../Frameworks",
				);
				MACOSX_DEPLOYMENT_TARGET = 26.0;
				MARKETING_VERSION = 1.0.20;
				PRODUCT_BUNDLE_IDENTIFIER = com.oontz.SnipSnipSnip;
				PRODUCT_NAME = "$(TARGET_NAME)";
				REGISTER_APP_GROUPS = YES;
				SNIP_BUILD_TARGET = Dev;
				STRING_CATALOG_GENERATE_SYMBOLS = YES;
				SWIFT_APPROACHABLE_CONCURRENCY = YES;
				SWIFT_DEFAULT_ACTOR_ISOLATION = MainActor;
				SWIFT_EMIT_LOC_STRINGS = YES;
				SWIFT_UPCOMING_FEATURE_MEMBER_IMPORT_VISIBILITY = YES;
				SWIFT_VERSION = 6.0;
			};
			name = Debug;
		};
		3EEB1E892F83677000A95020 /* Release */ = {
			isa = XCBuildConfiguration;
			buildSettings = {
				ASSETCATALOG_COMPILER_APPICON_NAME = AppIcon;
				ASSETCATALOG_COMPILER_GLOBAL_ACCENT_COLOR_NAME = AccentColor;
				ASSETCATALOG_COMPILER_INCLUDE_ALL_APPICON_ASSETS = YES;
				CODE_SIGN_STYLE = Automatic;
				COMBINE_HIDPI_IMAGES = YES;
				CURRENT_PROJECT_VERSION = 93;
				DEVELOPMENT_TEAM = 8RN882MNR5;
				ENABLE_APP_SANDBOX = YES;
				ENABLE_HARDENED_RUNTIME = YES;
				ENABLE_PREVIEWS = YES;
				ENABLE_RESOURCE_ACCESS_AUDIO_INPUT = YES;
				ENABLE_USER_SELECTED_FILES = readwrite;
				GENERATE_INFOPLIST_FILE = NO;
				INFOPLIST_FILE = "SnipSnipSnip-Info.plist";
				INFOPLIST_KEY_LSApplicationCategoryType = "public.app-category.utilities";
				INFOPLIST_PREPROCESS = YES;
				INFOPLIST_PREPROCESSOR_DEFINITIONS = "SNIP_SELF_RELEASE_INFO=0";
				LD_RUNPATH_SEARCH_PATHS = (
					"$(inherited)",
					"@executable_path/../Frameworks",
				);
				MACOSX_DEPLOYMENT_TARGET = 26.0;
				MARKETING_VERSION = 1.0.20;
				PRODUCT_BUNDLE_IDENTIFIER = com.oontz.SnipSnipSnip;
				PRODUCT_NAME = "$(TARGET_NAME)";
				REGISTER_APP_GROUPS = YES;
				SNIP_BUILD_TARGET = Release;
				STRING_CATALOG_GENERATE_SYMBOLS = YES;
				SWIFT_ACTIVE_COMPILATION_CONDITIONS = "$(inherited) APP_STORE_BUILD";
				SWIFT_APPROACHABLE_CONCURRENCY = YES;
				SWIFT_DEFAULT_ACTOR_ISOLATION = MainActor;
				SWIFT_EMIT_LOC_STRINGS = YES;
				SWIFT_UPCOMING_FEATURE_MEMBER_IMPORT_VISIBILITY = YES;
				SWIFT_VERSION = 6.0;
			};
			name = Release;
		};
		4A0C01082F83700100A95020 /* Debug */ = {
			isa = XCBuildConfiguration;
			buildSettings = {
				BUNDLE_LOADER = "$(TEST_HOST)";
				CODE_SIGN_STYLE = Automatic;
				CURRENT_PROJECT_VERSION = 93;
				DEVELOPMENT_TEAM = 8RN882MNR5;
				GENERATE_INFOPLIST_FILE = YES;
				INFOPLIST_KEY_NSHumanReadableCopyright = "";
				LD_RUNPATH_SEARCH_PATHS = (
					"$(inherited)",
					"@loader_path/../Frameworks",
					"@loader_path/../../Frameworks",
					"@loader_path/../../../../MacOS",
				);
				MACOSX_DEPLOYMENT_TARGET = 26.2;
				PRODUCT_BUNDLE_IDENTIFIER = com.oontz.SnipSnipSnipTests;
				PRODUCT_NAME = "$(TARGET_NAME)";
				STRING_CATALOG_GENERATE_SYMBOLS = YES;
				SWIFT_DEFAULT_ACTOR_ISOLATION = nonisolated;
				SWIFT_EMIT_LOC_STRINGS = NO;
				SWIFT_VERSION = 6.0;
				TEST_HOST = "$(BUILT_PRODUCTS_DIR)/SnipSnipSnip.app/Contents/MacOS/SnipSnipSnip";
				TEST_TARGET_NAME = SnipSnipSnip;
			};
			name = Debug;
		};
		4A0C01092F83700100A95020 /* Release */ = {
			isa = XCBuildConfiguration;
			buildSettings = {
				BUNDLE_LOADER = "$(TEST_HOST)";
				CODE_SIGN_STYLE = Automatic;
				CURRENT_PROJECT_VERSION = 93;
				DEVELOPMENT_TEAM = 8RN882MNR5;
				GENERATE_INFOPLIST_FILE = YES;
				INFOPLIST_KEY_NSHumanReadableCopyright = "";
				LD_RUNPATH_SEARCH_PATHS = (
					"$(inherited)",
					"@loader_path/../Frameworks",
					"@loader_path/../../Frameworks",
					"@loader_path/../../../../MacOS",
				);
				MACOSX_DEPLOYMENT_TARGET = 26.2;
				PRODUCT_BUNDLE_IDENTIFIER = com.oontz.SnipSnipSnipTests;
				PRODUCT_NAME = "$(TARGET_NAME)";
				STRING_CATALOG_GENERATE_SYMBOLS = YES;
				SWIFT_DEFAULT_ACTOR_ISOLATION = nonisolated;
				SWIFT_EMIT_LOC_STRINGS = NO;
				SWIFT_VERSION = 6.0;
				TEST_HOST = "$(BUILT_PRODUCTS_DIR)/SnipSnipSnip.app/Contents/MacOS/SnipSnipSnip";
				TEST_TARGET_NAME = SnipSnipSnip;
			};
			name = Release;
		};
		A10000072F84000000A95020 /* Debug */ = {
			isa = XCBuildConfiguration;
			buildSettings = {
				APPLICATION_EXTENSION_API_ONLY = YES;
				CODE_SIGN_STYLE = Automatic;
				COMBINE_HIDPI_IMAGES = YES;
				CURRENT_PROJECT_VERSION = 93;
				DEVELOPMENT_TEAM = 8RN882MNR5;
				ENABLE_APP_SANDBOX = YES;
				ENABLE_HARDENED_RUNTIME = YES;
				GENERATE_INFOPLIST_FILE = NO;
				INFOPLIST_FILE = SnipSnipSnipShareExtension/Info.plist;
				LD_RUNPATH_SEARCH_PATHS = (
					"$(inherited)",
					"@executable_path/../Frameworks",
					"@executable_path/../../../../Frameworks",
				);
				MACOSX_DEPLOYMENT_TARGET = 26.0;
				MARKETING_VERSION = 1.0.20;
				PRODUCT_BUNDLE_IDENTIFIER = com.oontz.SnipSnipSnip.ShareExtension;
				PRODUCT_NAME = "$(TARGET_NAME)";
				SKIP_INSTALL = YES;
				STRING_CATALOG_GENERATE_SYMBOLS = YES;
				SWIFT_APPROACHABLE_CONCURRENCY = YES;
				SWIFT_DEFAULT_ACTOR_ISOLATION = MainActor;
				SWIFT_EMIT_LOC_STRINGS = YES;
				SWIFT_UPCOMING_FEATURE_MEMBER_IMPORT_VISIBILITY = YES;
				SWIFT_VERSION = 6.0;
			};
			name = Debug;
		};
		A10000082F84000000A95020 /* Release */ = {
			isa = XCBuildConfiguration;
			buildSettings = {
				APPLICATION_EXTENSION_API_ONLY = YES;
				CODE_SIGN_STYLE = Automatic;
				COMBINE_HIDPI_IMAGES = YES;
				CURRENT_PROJECT_VERSION = 93;
				DEVELOPMENT_TEAM = 8RN882MNR5;
				ENABLE_APP_SANDBOX = YES;
				ENABLE_HARDENED_RUNTIME = YES;
				GENERATE_INFOPLIST_FILE = NO;
				INFOPLIST_FILE = SnipSnipSnipShareExtension/Info.plist;
				LD_RUNPATH_SEARCH_PATHS = (
					"$(inherited)",
					"@executable_path/../Frameworks",
					"@executable_path/../../../../Frameworks",
				);
				MACOSX_DEPLOYMENT_TARGET = 26.0;
				MARKETING_VERSION = 1.0.20;
				PRODUCT_BUNDLE_IDENTIFIER = com.oontz.SnipSnipSnip.ShareExtension;
				PRODUCT_NAME = "$(TARGET_NAME)";
				SKIP_INSTALL = YES;
				STRING_CATALOG_GENERATE_SYMBOLS = YES;
				SWIFT_ACTIVE_COMPILATION_CONDITIONS = "$(inherited) APP_STORE_BUILD";
				SWIFT_APPROACHABLE_CONCURRENCY = YES;
				SWIFT_DEFAULT_ACTOR_ISOLATION = MainActor;
				SWIFT_EMIT_LOC_STRINGS = YES;
				SWIFT_UPCOMING_FEATURE_MEMBER_IMPORT_VISIBILITY = YES;
				SWIFT_VERSION = 6.0;
			};
			name = Release;
		};
/* End XCBuildConfiguration section */

/* Begin XCConfigurationList section */
		3EEB1E752F83676F00A95020 /* Build configuration list for PBXProject "SnipSnipSnip" */ = {
			isa = XCConfigurationList;
			buildConfigurations = (
				3EEB1E852F83677000A95020 /* Debug */,
				3EEB1E862F83677000A95020 /* Release */,
			);
			defaultConfigurationIsVisible = 0;
			defaultConfigurationName = Release;
		};
		3EEB1E872F83677000A95020 /* Build configuration list for PBXNativeTarget "SnipSnipSnip" */ = {
			isa = XCConfigurationList;
			buildConfigurations = (
				3EEB1E882F83677000A95020 /* Debug */,
				3EEB1E892F83677000A95020 /* Release */,
			);
			defaultConfigurationIsVisible = 0;
			defaultConfigurationName = Release;
		};
		4A0C01072F83700100A95020 /* Build configuration list for PBXNativeTarget "SnipSnipSnipTests" */ = {
			isa = XCConfigurationList;
			buildConfigurations = (
				4A0C01082F83700100A95020 /* Debug */,
				4A0C01092F83700100A95020 /* Release */,
			);
			defaultConfigurationIsVisible = 0;
			defaultConfigurationName = Release;
		};
		A10000092F84000000A95020 /* Build configuration list for PBXNativeTarget "SnipSnipSnipShareExtension" */ = {
			isa = XCConfigurationList;
			buildConfigurations = (
				A10000072F84000000A95020 /* Debug */,
				A10000082F84000000A95020 /* Release */,
			);
			defaultConfigurationIsVisible = 0;
			defaultConfigurationName = Release;
		};
/* End XCConfigurationList section */
	};
	rootObject = 3EEB1E722F83676F00A95020 /* Project object */;
}
